// !$*UTF8*$!
{
	archiveVersion = 1;
	classes = {
	};
	objectVersion = 48;
	objects = {

/* Begin PBXBuildFile section */
		800FEB71204CE442006FAE2E /* open-ended.mp3 in Resources */ = {isa = PBXBuildFile; fileRef = 800FEB70204CE442006FAE2E /* open-ended.mp3 */; };
		800FEB73204CE46E006FAE2E /* hornHonk.mp3 in Resources */ = {isa = PBXBuildFile; fileRef = 800FEB72204CE46E006FAE2E /* hornHonk.mp3 */; };
		800FEB75204CE4B3006FAE2E /* cheerSound.mp3 in Resources */ = {isa = PBXBuildFile; fileRef = 800FEB74204CE4B3006FAE2E /* cheerSound.mp3 */; };
		801AC3EE202A268F00EC52B3 /* SoundManager.swift in Sources */ = {isa = PBXBuildFile; fileRef = 801AC3ED202A268F00EC52B3 /* SoundManager.swift */; };
		8055577B202694E1000F6177 /* AppDelegate.swift in Sources */ = {isa = PBXBuildFile; fileRef = 8055577A202694E1000F6177 /* AppDelegate.swift */; };
		8055577D202694E1000F6177 /* ViewController.swift in Sources */ = {isa = PBXBuildFile; fileRef = 8055577C202694E1000F6177 /* ViewController.swift */; };
		80555780202694E1000F6177 /* Main.storyboard in Resources */ = {isa = PBXBuildFile; fileRef = 8055577E202694E1000F6177 /* Main.storyboard */; };
		80555782202694E1000F6177 /* Assets.xcassets in Resources */ = {isa = PBXBuildFile; fileRef = 80555781202694E1000F6177 /* Assets.xcassets */; };
		80555785202694E1000F6177 /* LaunchScreen.storyboard in Resources */ = {isa = PBXBuildFile; fileRef = 80555783202694E1000F6177 /* LaunchScreen.storyboard */; };
		806349C42028F47E00A4F0D2 /* XAndOImageView.swift in Sources */ = {isa = PBXBuildFile; fileRef = 806349C32028F47E00A4F0D2 /* XAndOImageView.swift */; };
		80F5B03120277BD400FE9853 /* InfoView.swift in Sources */ = {isa = PBXBuildFile; fileRef = 80F5B03020277BD300FE9853 /* InfoView.swift */; };
/* End PBXBuildFile section */

/* Begin PBXFileReference section */
		800FEB70204CE442006FAE2E /* open-ended.mp3 */ = {isa = PBXFileReference; lastKnownFileType = audio.mp3; path = "open-ended.mp3"; sourceTree = "<group>"; };
		800FEB72204CE46E006FAE2E /* hornHonk.mp3 */ = {isa = PBXFileReference; lastKnownFileType = audio.mp3; path = hornHonk.mp3; sourceTree = "<group>"; };
		800FEB74204CE4B3006FAE2E /* cheerSound.mp3 */ = {isa = PBXFileReference; lastKnownFileType = audio.mp3; path = cheerSound.mp3; sourceTree = "<group>"; };
		801AC3ED202A268F00EC52B3 /* SoundManager.swift */ = {isa = PBXFileReference; lastKnownFileType = sourcecode.swift; path = SoundManager.swift; sourceTree = "<group>"; };
		80555777202694E1000F6177 /* funAndGames.app */ = {isa = PBXFileReference; explicitFileType = wrapper.application; includeInIndex = 0; path = funAndGames.app; sourceTree = BUILT_PRODUCTS_DIR; };
		8055577A202694E1000F6177 /* AppDelegate.swift */ = {isa = PBXFileReference; lastKnownFileType = sourcecode.swift; path = AppDelegate.swift; sourceTree = "<group>"; };
		8055577C202694E1000F6177 /* ViewController.swift */ = {isa = PBXFileReference; lastKnownFileType = sourcecode.swift; path = ViewController.swift; sourceTree = "<group>"; };
		8055577F202694E1000F6177 /* Base */ = {isa = PBXFileReference; lastKnownFileType = file.storyboard; name = Base; path = Base.lproj/Main.storyboard; sourceTree = "<group>"; };
		80555781202694E1000F6177 /* Assets.xcassets */ = {isa = PBXFileReference; lastKnownFileType = folder.assetcatalog; path = Assets.xcassets; sourceTree = "<group>"; };
		80555784202694E1000F6177 /* Base */ = {isa = PBXFileReference; lastKnownFileType = file.storyboard; name = Base; path = Base.lproj/LaunchScreen.storyboard; sourceTree = "<group>"; };
		80555786202694E1000F6177 /* Info.plist */ = {isa = PBXFileReference; lastKnownFileType = text.plist.xml; path = Info.plist; sourceTree = "<group>"; };
		806349C32028F47E00A4F0D2 /* XAndOImageView.swift */ = {isa = PBXFileReference; lastKnownFileType = sourcecode.swift; path = XAndOImageView.swift; sourceTree = "<group>"; };
		80F5B03020277BD300FE9853 /* InfoView.swift */ = {isa = PBXFileReference; lastKnownFileType = sourcecode.swift; path = InfoView.swift; sourceTree = "<group>"; };
/* End PBXFileReference section */

/* Begin PBXFrameworksBuildPhase section */
		80555774202694E1000F6177 /* Frameworks */ = {
			isa = PBXFrameworksBuildPhase;
			buildActionMask = 2147483647;
			files = (
			);
			runOnlyForDeploymentPostprocessing = 0;
		};
/* End PBXFrameworksBuildPhase section */

/* Begin PBXGroup section */
		8055576E202694E0000F6177 = {
			isa = PBXGroup;
			children = (
				80555779202694E1000F6177 /* funAndGames */,
				80555778202694E1000F6177 /* Products */,
				800FEB70204CE442006FAE2E /* open-ended.mp3 */,
				800FEB72204CE46E006FAE2E /* hornHonk.mp3 */,
				800FEB74204CE4B3006FAE2E /* cheerSound.mp3 */,
			);
			sourceTree = "<group>";
		};
		80555778202694E1000F6177 /* Products */ = {
			isa = PBXGroup;
			children = (
				80555777202694E1000F6177 /* funAndGames.app */,
			);
			name = Products;
			sourceTree = "<group>";
		};
		80555779202694E1000F6177 /* funAndGames */ = {
			isa = PBXGroup;
			children = (
				80F5B03020277BD300FE9853 /* InfoView.swift */,
				8055577A202694E1000F6177 /* AppDelegate.swift */,
				8055577C202694E1000F6177 /* ViewController.swift */,
				801AC3ED202A268F00EC52B3 /* SoundManager.swift */,
				8055577E202694E1000F6177 /* Main.storyboard */,
				806349C32028F47E00A4F0D2 /* XAndOImageView.swift */,
				80555781202694E1000F6177 /* Assets.xcassets */,
				80555783202694E1000F6177 /* LaunchScreen.storyboard */,
				80555786202694E1000F6177 /* Info.plist */,
			);
			path = funAndGames;
			sourceTree = "<group>";
		};
/* End PBXGroup section */

/* Begin PBXNativeTarget section */
		80555776202694E1000F6177 /* funAndGames */ = {
			isa = PBXNativeTarget;
			buildConfigurationList = 80555789202694E1000F6177 /* Build configuration list for PBXNativeTarget "funAndGames" */;
			buildPhases = (
				80555773202694E1000F6177 /* Sources */,
				80555774202694E1000F6177 /* Frameworks */,
				80555775202694E1000F6177 /* Resources */,
			);
			buildRules = (
			);
			dependencies = (
			);
			name = funAndGames;
			productName = funAndGames;
			productReference = 80555777202694E1000F6177 /* funAndGames.app */;
			productType = "com.apple.product-type.application";
		};
/* End PBXNativeTarget section */

/* Begin PBXProject section */
		8055576F202694E0000F6177 /* Project object */ = {
			isa = PBXProject;
			attributes = {
				LastSwiftUpdateCheck = 0920;
				LastUpgradeCheck = 0920;
				ORGANIZATIONNAME = "Sammy Cannillo";
				TargetAttributes = {
					80555776202694E1000F6177 = {
						CreatedOnToolsVersion = 9.2;
						ProvisioningStyle = Automatic;
					};
				};
			};
			buildConfigurationList = 80555772202694E0000F6177 /* Build configuration list for PBXProject "funAndGames" */;
			compatibilityVersion = "Xcode 8.0";
			developmentRegion = en;
			hasScannedForEncodings = 0;
			knownRegions = (
				en,
				Base,
			);
			mainGroup = 8055576E202694E0000F6177;
			productRefGroup = 80555778202694E1000F6177 /* Products */;
			projectDirPath = "";
			projectRoot = "";
			targets = (
				80555776202694E1000F6177 /* funAndGames */,
			);
		};
/* End PBXProject section */

/* Begin PBXResourcesBuildPhase section */
		80555775202694E1000F6177 /* Resources */ = {
			isa = PBXResourcesBuildPhase;
			buildActionMask = 2147483647;
			files = (
				800FEB73204CE46E006FAE2E /* hornHonk.mp3 in Resources */,
				80555785202694E1000F6177 /* LaunchScreen.storyboard in Resources */,
				80555782202694E1000F6177 /* Assets.xcassets in Resources */,
				80555780202694E1000F6177 /* Main.storyboard in Resources */,
				800FEB71204CE442006FAE2E /* open-ended.mp3 in Resources */,
				800FEB75204CE4B3006FAE2E /* cheerSound.mp3 in Resources */,
			);
			runOnlyForDeploymentPostprocessing = 0;
		};
/* End PBXResourcesBuildPhase section */

/* Begin PBXSourcesBuildPhase section */
		80555773202694E1000F6177 /* Sources */ = {
			isa = PBXSourcesBuildPhase;
			buildActionMask = 2147483647;
			files = (
				80F5B03120277BD400FE9853 /* InfoView.swift in Sources */,
				8055577D202694E1000F6177 /* ViewController.swift in Sources */,
				8055577B202694E1000F6177 /* AppDelegate.swift in Sources */,
				806349C42028F47E00A4F0D2 /* XAndOImageView.swift in Sources */,
				801AC3EE202A268F00EC52B3 /* SoundManager.swift in Sources */,
			);
			runOnlyForDeploymentPostprocessing = 0;
		};
/* End PBXSourcesBuildPhase section */

/* Begin PBXVariantGroup section */
		8055577E202694E1000F6177 /* Main.storyboard */ = {
			isa = PBXVariantGroup;
			children = (
				8055577F202694E1000F6177 /* Base */,
			);
			name = Main.storyboard;
			sourceTree = "<group>";
		};
		80555783202694E1000F6177 /* LaunchScreen.storyboard */ = {
			isa = PBXVariantGroup;
			children = (
				80555784202694E1000F6177 /* Base */,
			);
			name = LaunchScreen.storyboard;
			sourceTree = "<group>";
		};
/* End PBXVariantGroup section */

/* Begin XCBuildConfiguration section */
		80555787202694E1000F6177 /* Debug */ = {
			isa = XCBuildConfiguration;
			buildSettings = {
				ALWAYS_SEARCH_USER_PATHS = NO;
				CLANG_ANALYZER_NONNULL = YES;
				CLANG_ANALYZER_NUMBER_OBJECT_CONVERSION = YES_AGGRESSIVE;
				CLANG_CXX_LANGUAGE_STANDARD = "gnu++14";
				CLANG_CXX_LIBRARY = "libc++";
				CLANG_ENABLE_MODULES = YES;
				CLANG_ENABLE_OBJC_ARC = YES;
				CLANG_WARN_BLOCK_CAPTURE_AUTORELEASING = YES;
				CLANG_WARN_BOOL_CONVERSION = YES;
				CLANG_WARN_COMMA = YES;
				CLANG_WARN_CONSTANT_CONVERSION = YES;
				CLANG_WARN_DIRECT_OBJC_ISA_USAGE = YES_ERROR;
				CLANG_WARN_DOCUMENTATION_COMMENTS = YES;
				CLANG_WARN_EMPTY_BODY = YES;
				CLANG_WARN_ENUM_CONVERSION = YES;
				CLANG_WARN_INFINITE_RECURSION = YES;
				CLANG_WARN_INT_CONVERSION = YES;
				CLANG_WARN_NON_LITERAL_NULL_CONVERSION = YES;
				CLANG_WARN_OBJC_LITERAL_CONVERSION = YES;
				CLANG_WARN_OBJC_ROOT_CLASS = YES_ERROR;
				CLANG_WARN_RANGE_LOOP_ANALYSIS = YES;
				CLANG_WARN_STRICT_PROTOTYPES = YES;
				CLANG_WARN_SUSPICIOUS_MOVE = YES;
				CLANG_WARN_UNGUARDED_AVAILABILITY = YES_AGGRESSIVE;
				CLANG_WARN_UNREACHABLE_CODE = YES;
				CLANG_WARN__DUPLICATE_METHOD_MATCH = YES;
				CODE_SIGN_IDENTITY = "iPhone Developer";
				COPY_PHASE_STRIP = NO;
				DEBUG_INFORMATION_FORMAT = dwarf;
				ENABLE_STRICT_OBJC_MSGSEND = YES;
				ENABLE_TESTABILITY = YES;
				GCC_C_LANGUAGE_STANDARD = gnu11;
				GCC_DYNAMIC_NO_PIC = NO;
				GCC_NO_COMMON_BLOCKS = YES;
				GCC_OPTIMIZATION_LEVEL = 0;
				GCC_PREPROCESSOR_DEFINITIONS = (
					"DEBUG=1",
					"$(inherited)",
				);
				GCC_WARN_64_TO_32_BIT_CONVERSION = YES;
				GCC_WARN_ABOUT_RETURN_TYPE = YES_ERROR;
				GCC_WARN_UNDECLARED_SELECTOR = YES;
				GCC_WARN_UNINITIALIZED_AUTOS = YES_AGGRESSIVE;
				GCC_WARN_UNUSED_FUNCTION = YES;
				GCC_WARN_UNUSED_VARIABLE = YES;
				IPHONEOS_DEPLOYMENT_TARGET = 11.2;
				MTL_ENABLE_DEBUG_INFO = YES;
				ONLY_ACTIVE_ARCH = YES;
				SDKROOT = iphoneos;
				SWIFT_ACTIVE_COMPILATION_CONDITIONS = DEBUG;
				SWIFT_OPTIMIZATION_LEVEL = "-Onone";
			};
			name = Debug;
		};
		80555788202694E1000F6177 /* Release */ = {
			isa = XCBuildConfiguration;
			buildSettings = {
				ALWAYS_SEARCH_USER_PATHS = NO;
				CLANG_ANALYZER_NONNULL = YES;
				CLANG_ANALYZER_NUMBER_OBJECT_CONVERSION = YES_AGGRESSIVE;
				CLANG_CXX_LANGUAGE_STANDARD = "gnu++14";
				CLANG_CXX_LIBRARY = "libc++";
				CLANG_ENABLE_MODULES = YES;
				CLANG_ENABLE_OBJC_ARC = YES;
				CLANG_WARN_BLOCK_CAPTURE_AUTORELEASING = YES;
				CLANG_WARN_BOOL_CONVERSION = YES;
				CLANG_WARN_COMMA = YES;
				CLANG_WARN_CONSTANT_CONVERSION = YES;
				CLANG_WARN_DIRECT_OBJC_ISA_USAGE = YES_ERROR;
				CLANG_WARN_DOCUMENTATION_COMMENTS = YES;
				CLANG_WARN_EMPTY_BODY = YES;
				CLANG_WARN_ENUM_CONVERSION = YES;
				CLANG_WARN_INFINITE_RECURSION = YES;
				CLANG_WARN_INT_CONVERSION = YES;
				CLANG_WARN_NON_LITERAL_NULL_CONVERSION = YES;
				CLANG_WARN_OBJC_LITERAL_CONVERSION = YES;
				CLANG_WARN_OBJC_ROOT_CLASS = YES_ERROR;
				CLANG_WARN_RANGE_LOOP_ANALYSIS = YES;
				CLANG_WARN_STRICT_PROTOTYPES = YES;
				CLANG_WARN_SUSPICIOUS_MOVE = YES;
				CLANG_WARN_UNGUARDED_AVAILABILITY = YES_AGGRESSIVE;
				CLANG_WARN_UNREACHABLE_CODE = YES;
				CLANG_WARN__DUPLICATE_METHOD_MATCH = YES;
				CODE_SIGN_IDENTITY = "iPhone Developer";
				COPY_PHASE_STRIP = NO;
				DEBUG_INFORMATION_FORMAT = "dwarf-with-dsym";
				ENABLE_NS_ASSERTIONS = NO;
				ENABLE_STRICT_OBJC_MSGSEND = YES;
				GCC_C_LANGUAGE_STANDARD = gnu11;
				GCC_NO_COMMON_BLOCKS = YES;
				GCC_WARN_64_TO_32_BIT_CONVERSION = YES;
				GCC_WARN_ABOUT_RETURN_TYPE = YES_ERROR;
				GCC_WARN_UNDECLARED_SELECTOR = YES;
				GCC_WARN_UNINITIALIZED_AUTOS = YES_AGGRESSIVE;
				GCC_WARN_UNUSED_FUNCTION = YES;
				GCC_WARN_UNUSED_VARIABLE = YES;
				IPHONEOS_DEPLOYMENT_TARGET = 11.2;
				MTL_ENABLE_DEBUG_INFO = NO;
				SDKROOT = iphoneos;
				SWIFT_OPTIMIZATION_LEVEL = "-Owholemodule";
				VALIDATE_PRODUCT = YES;
			};
			name = Release;
		};
		8055578A202694E1000F6177 /* Debug */ = {
			isa = XCBuildConfiguration;
			buildSettings = {
				ASSETCATALOG_COMPILER_APPICON_NAME = AppIcon;
				CODE_SIGN_STYLE = Automatic;
				INFOPLIST_FILE = funAndGames/Info.plist;
				IPHONEOS_DEPLOYMENT_TARGET = 11.0;
				LD_RUNPATH_SEARCH_PATHS = "$(inherited) @executable_path/Frameworks";
				PRODUCT_BUNDLE_IDENTIFIER = com.sammycannillo.funAndGames;
				PRODUCT_NAME = "$(TARGET_NAME)";
				SWIFT_VERSION = 4.0;
				TARGETED_DEVICE_FAMILY = 1;
			};
			name = Debug;
		};
		8055578B202694E1000F6177 /* Release */ = {
			isa = XCBuildConfiguration;
			buildSettings = {
				ASSETCATALOG_COMPILER_APPICON_NAME = AppIcon;
				CODE_SIGN_STYLE = Automatic;
				INFOPLIST_FILE = funAndGames/Info.plist;
				IPHONEOS_DEPLOYMENT_TARGET = 11.0;
				LD_RUNPATH_SEARCH_PATHS = "$(inherited) @executable_path/Frameworks";
				PRODUCT_BUNDLE_IDENTIFIER = com.sammycannillo.funAndGames;
				PRODUCT_NAME = "$(TARGET_NAME)";
				SWIFT_VERSION = 4.0;
				TARGETED_DEVICE_FAMILY = 1;
			};
			name = Release;
		};
/* End XCBuildConfiguration section */

/* Begin XCConfigurationList section */
		80555772202694E0000F6177 /* Build configuration list for PBXProject "funAndGames" */ = {
			isa = XCConfigurationList;
			buildConfigurations = (
				80555787202694E1000F6177 /* Debug */,
				80555788202694E1000F6177 /* Release */,
			);
			defaultConfigurationIsVisible = 0;
			defaultConfigurationName = Release;
		};
		80555789202694E1000F6177 /* Build configuration list for PBXNativeTarget "funAndGames" */ = {
			isa = XCConfigurationList;
			buildConfigurations = (
				8055578A202694E1000F6177 /* Debug */,
				8055578B202694E1000F6177 /* Release */,
			);
			defaultConfigurationIsVisible = 0;
			defaultConfigurationName = Release;
		};
/* End XCConfigurationList section */
	};
	rootObject = 8055576F202694E0000F6177 /* Project object */;
}
